github.com/davecgh/go-spew v1.1.0/go.mod h1:J7Y8YcW2NihsgmVo/mv3lAwl/skON4iLHjSsI+c5H38=
github.com/davecgh/go-spew v1.1.1/go.mod h1:J7Y8YcW2NihsgmVo/mv3lAwl/skON4iLHjSsI+c5H38=
github.com/gdamore/encoding v0.0.0-20151215212835-b23993cbb635/go.mod h1:yrQYJKKDTrHmbYxI7CYi+/hbdiDT2m4Hj+t0ikCjsrQ=
github.com/gdamore/tcell v1.1.0/go.mod h1:tqyG50u7+Ctv1w5VX67kLzKcj9YXR/JSBZQq/+mLl1A=
github.com/google/btree v1.0.0 h1:0udJVsspx3VBr5FwtLhQQtuAsVc79tTq0ocGIPAU6qo=
github.com/google/btree v1.0.0/go.mod h1:lNA+9X1NB3Zf8V7Ke586lFgjr2dZNuvo3lPJSGZ5JPQ=
github.com/google/go-cmp v0.5.2/go.mod h1:v8dTdLbMG2kIc/vJvl+f65V22dbkXbowE6jgT/gNBxE=
github.com/google/go-cmp v0.5.4 h1:L8R9j+yAqZuZjsqh/z+F1NCffTKKLShY6zXTItVIZ8M=
github.com/google/go-cmp v0.5.4/go.mod h1:v8dTdLbMG2kIc/vJvl+f65V22dbkXbowE6jgT/gNBxE=
github.com/google/netstack v0.0.0-20191123085552-55fcc16cd0eb h1:/YcrD0GSdU5gtckXHVjSEd0Y6VgboNW7VYyImZS3y6g=
github.com/google/netstack v0.0.0-20191123085552-55fcc16cd0eb/go.mod h1:r/rILWg3r1Qy9G1IFMhsqWLq2GjwuYoTuPgG7ckMAjk=
github.com/gorilla/websocket v1.4.2 h1:+/TMaTYc4QFitKJxsQ7Yye35DkWvkdLcvGKqM+x0Ufc=
github.com/gorilla/websocket v1.4.2/go.mod h1:YR8l580nyteQvAITg2hZ9XVh4b55+EU/adAjf1fMHhE=
github.com/klauspost/cpuid v1.2.4/go.mod h1:Pj4uuM528wm8OyEC2QMXAi2YiTZ96dNQPGgoMS4s3ek=
github.com/klauspost/cpuid v1.3.1 h1:5JNjFYYQrZeKRJ0734q51WCEEn2huer72Dc7K+R/b6s=
github.com/klauspost/cpuid v1.3.1/go.mod h1:bYW4mA6ZgKPob1/Dlai2LviZJO7KGI3uoWLd42rAQw4=
github.com/klauspost/reedsolomon v1.9.9 h1:qCL7LZlv17xMixl55nq2/Oa1Y86nfO8EqDfv2GHND54=
github.com/klauspost/reedsolomon v1.9.9/go.mod h1:O7yFFHiQwDR6b2t63KPUpccPtNdp5ADgh1gg4fd12wo=
github.com/kr/pretty v0.1.0/go.mod h1:dAy3ld7l9f0ibDNOQOHHMYYIIbhfbHSm3C4ZsoJORNo=
github.com/kr/pty v1.1.1/go.mod h1:pFQYn66WHrOpPYNljwOMqo10TkYh1fy3cYio2l3bCsQ=
github.com/kr/text v0.1.0/go.mod h1:4Jbv+DJW3UT/LiOwJeYQe1efqtUx/iVham/4vfdArNI=
github.com/lucasb-eyer/go-colorful v0.0.0-20180709185858-c7842319cf3a/go.mod h1:NXg0ArsFk0Y01623LgUqoqcouGDB+PwCCQlrwrG6xJ4=
github.com/marcusolsson/tui-go v0.3.0/go.mod h1:cW3uKFFnYI5ywRJlYvcaoK/1yDVyld22v5erMdEVWO4=
github.com/mattn/go-runewidth v0.0.3/go.mod h1:LwmH8dsx7+W8Uxz3IHJYH5QSwggIsqBzpuz5H//U1FU=
github.com/mitchellh/go-wordwrap v1.0.0/go.mod h1:ZXFpozHsX6DPmq2I0TCekCxypsnAUbP2oI0UX1GXzOo=
github.com/mmcloughlin/avo v0.0.0-20200803215136-443f81d77104 h1:ULR/QWMgcgRiZLUjSSJMU+fW+RDMstRdmnDWj9Q+AsA=
github.com/mmcloughlin/avo v0.0.0-20200803215136-443f81d77104/go.mod h1:wqKykBG2QzQDJEzvRkcS8x6MiSJkF52hXZsXcjaB3ls=
github.com/pkg/errors v0.9.1 h1:FEBLx1zS214owpjy7qsBeixbURkuhQAwrK5UwLGTwt4=
github.com/pkg/errors v0.9.1/go.mod h1:bwawxfHBFNV+L2hUp1rHADufV3IMtnDRdf1r5NINEl0=
github.com/pmezard/go-difflib v1.0.0/go.mod h1:iKH77koFhYxTK1pcRnkKkqfTogsbg7gZNVY4sRDYZ/4=
github.com/polevpn/anyvalue v0.0.0-20201110091644-64d56f6b7f10 h1:zX28k/2AlGbpFQwJvWnKbcO6K3+Y7hIL8ivLbSB+6Dg=
github.com/polevpn/anyvalue v0.0.0-20201110091644-64d56f6b7f10/go.mod h1:mT9+kRUuG3Qz+NIzJTLp5hFyikuoilwNvdnZzY9xRDo=
github.com/polevpn/anyvalue v1.0.1 h1:mK2D2rsfJSvuJ/58OAO+zkBbVWM619/GAlOXEanN3LI=
github.com/polevpn/anyvalue v1.0.1/go.mod h1:mT9+kRUuG3Qz+NIzJTLp5hFyikuoilwNvdnZzY9xRDo=
github.com/polevpn/anyvalue v1.0.3 h1:lhtMtWNARs++kbvSDwyewqUMXZ1WFYrvGGXuY+SnT8A=
github.com/polevpn/anyvalue v1.0.3/go.mod h1:SAmPKOT6BtaGar2NZc9u/TUZgDYBXO7lZZ9q1MU0LVk=
github.com/polevpn/elog v1.0.0 h1:3hIeS+pkC51lOIqla4xx7ZK2ujuLbiF6ZA4ab1VqkRE=
github.com/polevpn/elog v1.0.0/go.mod h1:u30sJGFE2hYV+KuEmE4Bw7Qh0J3eXS3AEXjyHtqPDjU=
github.com/polevpn/elog v1.0.1 h1:W3LPoG96YP24ZOatwgsb6IFyXcW9epR2AeNHWPxaeF0=
github.com/polevpn/elog v1.0.1/go.mod h1:u30sJGFE2hYV+KuEmE4Bw7Qh0J3eXS3AEXjyHtqPDjU=
github.com/polevpn/elog v1.0.2 h1:Aktr5bxRdAjT1kkpszx5/Qa0dC1fANjGG6oEmCsdED0=
github.com/polevpn/elog v1.0.2/go.mod h1:u30sJGFE2hYV+KuEmE4Bw7Qh0J3eXS3AEXjyHtqPDjU=
github.com/polevpn/elog v1.0.5 h1:N0cjc3k6X7nI09R9F09gw/fJWkCCb1/V1eUE+x3Ui1k=
github.com/polevpn/elog v1.0.5/go.mod h1:u30sJGFE2hYV+KuEmE4Bw7Qh0J3eXS3AEXjyHtqPDjU=
github.com/polevpn/elog v1.0.9 h1:Kv5MEEFdBRsrrLGsAJuEEbr3zCCGM0qUo+2wkVviMm4=
github.com/polevpn/elog v1.0.9/go.mod h1:u30sJGFE2hYV+KuEmE4Bw7Qh0J3eXS3AEXjyHtqPDjU=
github.com/polevpn/h2conn v0.0.0-20201214024735-4eb0e342b109 h1:odE1zIpKDLhDm7bB2hpPcLcbNUWK+f0BTqqK+MwZO/E=
github.com/polevpn/h2conn v0.0.0-20201214024735-4eb0e342b109/go.mod h1:70nqYvs2XyEQdE34GeB/ewbWOTzT0OexgACEamYHetc=
github.com/polevpn/h2conn v1.0.0 h1:lXuZ8cdljd9O4vP2CDQeX4tDZlp7JRravWYIkSitAcw=
github.com/polevpn/h2conn v1.0.0/go.mod h1:lgDAynVX+EdLcuPBewWnezwRG8uJXvunv8mwtvIPQB4=
github.com/polevpn/h2conn v1.0.2 h1:l8XYVQsp5t9EqiZp1bJCYl9s120hbDvCNICjGrbTbys=
github.com/polevpn/h2conn v1.0.2/go.mod h1:lgDAynVX+EdLcuPBewWnezwRG8uJXvunv8mwtvIPQB4=
github.com/polevpn/h2conn v1.0.3 h1:XCIK5l9g78PAAYoIxk0HEnWuE0nNAZ6yIugT97KGW68=
github.com/polevpn/h2conn v1.0.3/go.mod h1:i+9cGz0jHVsHXFhxvHHIxTS2orGYGgdeDv2KKGMhM1I=
github.com/polevpn/netstack v0.0.0-20191123085552-55fcc16cd0eb/go.mod h1:o4Sv4HwACbqxE03nCySCQz07BE7EjhthOLFCpJJJR9s=
github.com/polevpn/netstack v1.0.0 h1:IEB/GF2JvuA277owLsR0CBZFi8xqRyyAoiZ3+AS+PQM=
github.com/polevpn/netstack v1.0.0/go.mod h1:PsA87sjshFCu1kxPqOunI5p/ZX9qRhcOxqXq1vsYFqU=
github.com/polevpn/netstack v1.0.1/go.mod h1:bIZcO16BHlmfG7t56hqoXiodF2T3C+e+eUrdHypxrbc=
github.com/polevpn/netstack v1.0.2/go.mod h1:bIZcO16BHlmfG7t56hqoXiodF2T3C+e+eUrdHypxrbc=
github.com/polevpn/netstack v1.0.3/go.mod h1:bIZcO16BHlmfG7t56hqoXiodF2T3C+e+eUrdHypxrbc=
github.com/polevpn/netstack v1.0.4 h1:mRdsVJVXsEo93diohFCJ1pgyDOrtihdgnXjCgvK3fHA=
github.com/polevpn/netstack v1.0.4/go.mod h1:bIZcO16BHlmfG7t56hqoXiodF2T3C+e+eUrdHypxrbc=
github.com/polevpn/netstack v1.0.5/go.mod h1:bIZcO16BHlmfG7t56hqoXiodF2T3C+e+eUrdHypxrbc=
github.com/polevpn/netstack v1.0.6/go.mod h1:bIZcO16BHlmfG7t56hqoXiodF2T3C+e+eUrdHypxrbc=
github.com/polevpn/netstack v1.0.7 h1:HxPOha1gC7vAjPQ2boK5YpMpmVDzJxORxdWLPe+nxxk=
github.com/polevpn/netstack v1.0.7/go.mod h1:bIZcO16BHlmfG7t56hqoXiodF2T3C+e+eUrdHypxrbc=
github.com/polevpn/netstack v1.0.8/go.mod h1:bIZcO16BHlmfG7t56hqoXiodF2T3C+e+eUrdHypxrbc=
github.com/polevpn/netstack v1.0.9/go.mod h1:bIZcO16BHlmfG7t56hqoXiodF2T3C+e+eUrdHypxrbc=
github.com/polevpn/netstack v1.10.0 h1:WO1SUDZ4Akezx5z6HD7V1G0BKBhzZ+uEZWbHBKK7qIw=
github.com/polevpn/netstack v1.10.0/go.mod h1:bIZcO16BHlmfG7t56hqoXiodF2T3C+e+eUrdHypxrbc=
github.com/polevpn/water v1.0.1 h1:Qy9EauklrHwkUxL9Wy+lmjVH1l/x8VW7wLn0IW9DipY=
github.com/polevpn/water v1.0.1/go.mod h1:L41gnrOhprREWmwx5yONXP3ABrQ8CJqXvgvD+6B1DsE=
github.com/polevpn/xnet v1.0.0 h1:QuCvRnaL3ZfuJerCScjQ9MUFCInOAK6i+ZcD0b7zz0I=
github.com/polevpn/xnet v1.0.0/go.mod h1:+ihT+QDqjDxWovJv4Ua65TmqMylNY4WcTCGY2YQRvrE=
github.com/posener/h2conn v0.0.0-20180911140238-13e7df33ed15 h1:N2JoDX2KIfZlzcMuTqPTeeMXi8GwdwJHgZ8sXqe73Ds=
github.com/posener/h2conn v0.0.0-20180911140238-13e7df33ed15/go.mod h1:Ncj2NdkYalS3y+a1qSENl09uDMvEIoICB8dAfzsL9BA=
github.com/songgao/water v0.0.0-20200317203138-2b4b6d7c09d8 h1:TG/diQgUe0pntT/2D9tmUCz4VNwm9MfrtPr0SU2qSX8=
github.com/songgao/water v0.0.0-20200317203138-2b4b6d7c09d8/go.mod h1:P5HUIBuIWKbyjl083/loAegFkfbFNx5i2qEP4CNbm7E=
github.com/stretchr/objx v0.1.0/go.mod h1:HFkY916IF+rwdDfMAkV7OtwuqBVzrE8GR6GFx+wExME=
github.com/stretchr/objx v0.1.1/go.mod h1:HFkY916IF+rwdDfMAkV7OtwuqBVzrE8GR6GFx+wExME=
github.com/stretchr/testify v1.2.2/go.mod h1:a8OnRcib4nhh0OaRAV+Yts87kKdq0PP7pXfy6kDkUVs=
github.com/stretchr/testify v1.6.1/go.mod h1:6Fq8oRcR53rry900zMqJjRRixrwX3KX962/h/Wwjteg=
github.com/templexxx/cpu v0.0.1/go.mod h1:w7Tb+7qgcAlIyX4NhLuDKt78AHA5SzPmq0Wj6HiEnnk=
github.com/templexxx/cpu v0.0.7 h1:pUEZn8JBy/w5yzdYWgx+0m0xL9uk6j4K91C5kOViAzo=
github.com/templexxx/cpu v0.0.7/go.mod h1:w7Tb+7qgcAlIyX4NhLuDKt78AHA5SzPmq0Wj6HiEnnk=
github.com/templexxx/xorsimd v0.4.1 h1:iUZcywbOYDRAZUasAs2eSCUW8eobuZDy0I9FJiORkVg=
github.com/templexxx/xorsimd v0.4.1/go.mod h1:W+ffZz8jJMH2SXwuKu9WhygqBMbFnp14G2fqEr8qaNo=
github.com/tjfoc/gmsm v1.3.2 h1:7JVkAn5bvUJ7HtU08iW6UiD+UTmJTIToHCfeFzkcCxM=
github.com/tjfoc/gmsm v1.3.2/go.mod h1:HaUcFuY0auTiaHB9MHFGCPx5IaLhTUd2atbCFBQXn9w=
github.com/vmihailenco/msgpack/v5 v5.0.0 h1:nCaMMPEyfgwkGc/Y0GreJPhuvzqCqW+Ufq5lY7zLO2c=
github.com/vmihailenco/msgpack/v5 v5.0.0/go.mod h1:HVxBVPUK/+fZMonk4bi1islLa8V3cfnBug0+4dykPzo=
github.com/vmihailenco/tagparser v0.1.2 h1:gnjoVuB/kljJ5wICEEOpx98oXMWPLj22G67Vbd1qPqc=
github.com/vmihailenco/tagparser v0.1.2/go.mod h1:OeAg3pn3UbLjkWt+rN9oFYB6u/cQgqMEUPoW2WPyhdI=
github.com/xtaci/kcp-go/v5 v5.6.1 h1:Pwn0aoeNSPF9dTS7IgiPXn0HEtaIlVb6y5UKWPsx8bI=
github.com/xtaci/kcp-go/v5 v5.6.1/go.mod h1:W3kVPyNYwZ06p79dNwFWQOVFrdcBpDBsdyvK8moQrYo=
github.com/xtaci/lossyconn v0.0.0-20190602105132-8df528c0c9ae/go.mod h1:gXtu8J62kEgmN++bm9BVICuT/e8yiLI2KFobd/TRFsE=
github.com/yuin/goldmark v1.1.27/go.mod h1:3hX8gzYuyVAZsxl0MRgGTJEmQBFcNTphYh9decYSb74=
github.com/yuin/goldmark v1.1.32/go.mod h1:3hX8gzYuyVAZsxl0MRgGTJEmQBFcNTphYh9decYSb74=
golang.org/x/arch v0.0.0-20190909030613-46d78d1859ac/go.mod h1:flIaEI6LNU6xOCD5PaJvn9wGP0agmIOqjrtsKGRguv4=
golang.org/x/crypto v0.0.0-20190308221718-c2843e01d9a2/go.mod h1:djNgcEr1/C05ACkg1iLfiJU5Ep61QUkGW8qpdssI0+w=
golang.org/x/crypto v0.0.0-20191011191535-87dc89f01550/go.mod h1:yigFU9vqHzYiE8UmvKecakEJjdnWj3jj499lnFckfCI=
golang.org/x/crypto v0.0.0-20191219195013-becbf705a915/go.mod h1:LzIPMQfyMNhhGPhUkYOs5KpL4U8rLKemX1yGLhDgUto=
golang.org/x/crypto v0.0.0-20200622213623-75b288015ac9/go.mod h1:LzIPMQfyMNhhGPhUkYOs5KpL4U8rLKemX1yGLhDgUto=
golang.org/x/crypto v0.0.0-20200728195943-123391ffb6de h1:ikNHVSjEfnvz6sxdSPCaPt572qowuyMDMJLLm3Db3ig=
golang.org/x/crypto v0.0.0-20200728195943-123391ffb6de/go.mod h1:LzIPMQfyMNhhGPhUkYOs5KpL4U8rLKemX1yGLhDgUto=
golang.org/x/mod v0.2.0/go.mod h1:s0Qsj1ACt9ePp/hMypM3fl4fZqREWJwdYDEqhRiZZUA=
golang.org/x/mod v0.3.0 h1:RM4zey1++hCTbCVQfnWeKs9/IEsaBLA8vTkd0WVtmH4=
golang.org/x/mod v0.3.0/go.mod h1:s0Qsj1ACt9ePp/hMypM3fl4fZqREWJwdYDEqhRiZZUA=
golang.org/x/net v0.0.0-20180906233101-161cd47e91fd/go.mod h1:mL1N/T3taQHkDXs73rZJwtUhF3w3ftmwwsq0BUmARs4=
golang.org/x/net v0.0.0-20190404232315-eb5bcb51f2a3/go.mod h1:t9HGtf8HONx5eT2rtn7q6eTqICYqUVnKs3thJo3Qplg=
golang.org/x/net v0.0.0-20190620200207-3b0461eec859/go.mod h1:z5CRVTTTmAJ677TzLLGU+0bjPO0LkuOLi4/5GtJWs/s=
golang.org/x/net v0.0.0-20200226121028-0de0cce0169b/go.mod h1:z5CRVTTTmAJ677TzLLGU+0bjPO0LkuOLi4/5GtJWs/s=
golang.org/x/net v0.0.0-20200625001655-4c5254603344/go.mod h1:/O7V0waA8r7cgGh81Ro3o1hOxt32SMVPicZroKQ2sZA=
golang.org/x/net v0.0.0-20200707034311-ab3426394381 h1:VXak5I6aEWmAXeQjA+QSZzlgNrpq9mjcfDemuexIKsU=
golang.org/x/net v0.0.0-20200707034311-ab3426394381/go.mod h1:/O7V0waA8r7cgGh81Ro3o1hOxt32SMVPicZroKQ2sZA=
golang.org/x/net v0.0.0-20201110031124-69a78807bb2b h1:uwuIcX0g4Yl1NC5XAz37xsr2lTtcqevgzYNVt49waME=
golang.org/x/net v0.0.0-20201110031124-69a78807bb2b/go.mod h1:sp8m0HH+o8qH0wwXwYZr8TS3Oi6o0r6Gce1SSxlDquU=
golang.org/x/net v0.0.0-20201209123823-ac852fbbde11 h1:lwlPPsmjDKK0J6eG6xDWd5XPehI0R024zxjDnw3esPA=
golang.org/x/net v0.0.0-20201209123823-ac852fbbde11/go.mod h1:m0MpNAwzfU5UDzcl9v0D8zg8gWTRqZa9RBIspLL5mdg=
golang.org/x/sync v0.0.0-20190423024810-112230192c58/go.mod h1:RxMgew5VJxzue5/jJTE5uejpjVlOe/izrB70Jof72aM=
golang.org/x/sync v0.0.0-20190911185100-cd5d95a43a6e/go.mod h1:RxMgew5VJxzue5/jJTE5uejpjVlOe/izrB70Jof72aM=
golang.org/x/sync v0.0.0-20200625203802-6e8e738ad208/go.mod h1:RxMgew5VJxzue5/jJTE5uejpjVlOe/izrB70Jof72aM=
golang.org/x/sys v0.0.0-20190215142949-d0b11bdaac8a/go.mod h1:STP8DvDyc/dI5b8T5hshtkjS+E42TnysNCUPdjciGhY=
golang.org/x/sys v0.0.0-20190412213103-97732733099d/go.mod h1:h1NjWce9XRLGQEsW7wpKNCjG9DtNlClVuFLEZdDNbEs=
golang.org/x/sys v0.0.0-20200323222414-85ca7c5b95cd/go.mod h1:h1NjWce9XRLGQEsW7wpKNCjG9DtNlClVuFLEZdDNbEs=
golang.org/x/sys v0.0.0-20200808120158-1030fc2bf1d9/go.mod h1:h1NjWce9XRLGQEsW7wpKNCjG9DtNlClVuFLEZdDNbEs=
golang.org/x/sys v0.0.0-20200930185726-fdedc70b468f/go.mod h1:h1NjWce9XRLGQEsW7wpKNCjG9DtNlClVuFLEZdDNbEs=
golang.org/x/sys v0.0.0-20201024132449-ef9fd89ba245/go.mod h1:h1NjWce9XRLGQEsW7wpKNCjG9DtNlClVuFLEZdDNbEs=
golang.org/x/sys v0.0.0-20201110211018-35f3e6cf4a65/go.mod h1:h1NjWce9XRLGQEsW7wpKNCjG9DtNlClVuFLEZdDNbEs=
golang.org/x/sys v0.0.0-20201113233024-12cec1faf1ba h1:xmhUJGQGbxlod18iJGqVEp9cHIPLl7QiX2aA3to708s=
golang.org/x/sys v0.0.0-20201113233024-12cec1faf1ba/go.mod h1:h1NjWce9XRLGQEsW7wpKNCjG9DtNlClVuFLEZdDNbEs=
golang.org/x/sys v0.0.0-20201119102817-f84b799fce68 h1:nxC68pudNYkKU6jWhgrqdreuFiOQWj1Fs7T3VrH4Pjw=
golang.org/x/sys v0.0.0-20201119102817-f84b799fce68/go.mod h1:h1NjWce9XRLGQEsW7wpKNCjG9DtNlClVuFLEZdDNbEs=
golang.org/x/term v0.0.0-20201126162022-7de9c90e9dd1/go.mod h1:bj7SfCRtBDWHUb9snDiAeCFNEtKQo2Wmx5Cou7ajbmo=
golang.org/x/term v0.0.0-20201210144234-2321bbc49cbf/go.mod h1:bj7SfCRtBDWHUb9snDiAeCFNEtKQo2Wmx5Cou7ajbmo=
golang.org/x/text v0.3.0/go.mod h1:NqM8EUOU14njkJ3fqMW+pc6Ldnwhi/IjpwHt7yyuwOQ=
golang.org/x/text v0.3.3 h1:cokOdA+Jmi5PJGXLlLllQSgYigAEfHXJAERHVMaCc2k=
golang.org/x/text v0.3.3/go.mod h1:5Zoc/QRtKVWzQhOtBMvqHzDpF6irO9z98xDceosuGiQ=
golang.org/x/time v0.0.0-20200630173020-3af7569d3a1e h1:EHBhcS0mlXEAVwNyO2dLfjToGsyY4j24pTs2ScHnX7s=
golang.org/x/time v0.0.0-20200630173020-3af7569d3a1e/go.mod h1:tRJNPiyCQ0inRvYxbN9jk5I+vvW/OXSQhTDSoE431IQ=
golang.org/x/tools v0.0.0-20180917221912-90fa682c2a6e/go.mod h1:n7NCudcB/nEzxVGmLbDWY5pfWTLqBcC2KZ6jyYvM4mQ=
golang.org/x/tools v0.0.0-20191119224855-298f0cb1881e/go.mod h1:b+2E5dAYhXwXZwtnZ6UAqBI28+e2cm9otk0dWdXHAEo=
golang.org/x/tools v0.0.0-20200425043458-8463f397d07c/go.mod h1:EkVYQZoAsY45+roYkvgYkIh4xh/qjgUK9TdY2XT94GE=
golang.org/x/tools v0.0.0-20200808161706-5bf02b21f123 h1:4JSJPND/+4555t1HfXYF4UEqDqiSKCgeV0+hbA8hMs4=
golang.org/x/tools v0.0.0-20200808161706-5bf02b21f123/go.mod h1:njjCfa9FT2d7l9Bc6FUM5FLjQPp3cFF28FI3qnDFljA=
golang.org/x/xerrors v0.0.0-20190717185122-a985d3407aa7/go.mod h1:I/5z698sn9Ka8TeJc9MKroUUfqBBauWjQqLJ2OPfmY0=
golang.org/x/xerrors v0.0.0-20191011141410-1b5146add898/go.mod h1:I/5z698sn9Ka8TeJc9MKroUUfqBBauWjQqLJ2OPfmY0=
golang.org/x/xerrors v0.0.0-20191204190536-9bdfabe68543/go.mod h1:I/5z698sn9Ka8TeJc9MKroUUfqBBauWjQqLJ2OPfmY0=
golang.org/x/xerrors v0.0.0-20200804184101-5ec99f83aff1 h1:go1bK/D/BFZV2I8cIQd1NKEZ+0owSTG1fDTci4IqFcE=
golang.org/x/xerrors v0.0.0-20200804184101-5ec99f83aff1/go.mod h1:I/5z698sn9Ka8TeJc9MKroUUfqBBauWjQqLJ2OPfmY0=
gopkg.in/check.v1 v0.0.0-20161208181325-20d25e280405/go.mod h1:Co6ibVJAznAaIkqp8huTwlJQCZ016jof/cbN4VW5Yz0=
gopkg.in/check.v1 v1.0.0-20180628173108-788fd7840127/go.mod h1:Co6ibVJAznAaIkqp8huTwlJQCZ016jof/cbN4VW5Yz0=
gopkg.in/yaml.v2 v2.3.0 h1:clyUAQHOM3G0M3f5vQj7LuJrETvjVot3Z5el9nffUtU=
gopkg.in/yaml.v2 v2.3.0/go.mod h1:hI93XBmqTisBFMUTm0b8Fm+jr3Dg1NNxqwp+5A1VGuI=
gopkg.in/yaml.v3 v3.0.0-20200313102051-9f266ea9e77c/go.mod h1:K4uyk7z7BCEPqu6E+C64Yfv1cQ7kz7rIZviUmN+EgEM=
rsc.io/pdf v0.1.1/go.mod h1:n8OzWcQ6Sp37PL01nO98y4iUCRdTGarVfzxY20ICaU4=
